
Microsoft Visual Studio Solution File, Format Version 12.00
# Visual Studio Version 17
VisualStudioVersion = 17.0.31903.59
MinimumVisualStudioVersion = 10.0.40219.1
Project("{2150E333-8FDC-42A3-9474-1A3956D46DE8}") = "src", "src", "{827E0CD3-B72D-47B6-A68D-7590B98EB39B}"
EndProject
Project("{2150E333-8FDC-42A3-9474-1A3956D46DE8}") = "IdentityService", "IdentityService", "{F8B90FFE-BB37-8A69-F901-2B9289615797}"
EndProject
Project("{FAE04EC0-301F-11D3-BF4B-00C04F79EFBC}") = "IdentityService.Api", "src\IdentityService\IdentityService.Api\IdentityService.Api.csproj", "{53392FC6-7607-4308-9C5F-6321369C1055}"
EndProject
Project("{FAE04EC0-301F-11D3-BF4B-00C04F79EFBC}") = "IdentityService.Application", "src\IdentityService\IdentityService.Application\IdentityService.Application.csproj", "{FC59AC2A-199E-4695-BA3C-01DC10ED905D}"
EndProject
Project("{FAE04EC0-301F-11D3-BF4B-00C04F79EFBC}") = "IdentityService.Infrastructure", "src\IdentityService\IdentityService.Infrastructure\IdentityService.Infrastructure.csproj", "{596BCE61-BFC8-4682-A790-7CD8F8C932C2}"
EndProject
Project("{FAE04EC0-301F-11D3-BF4B-00C04F79EFBC}") = "IdentityService.Domain", "src\IdentityService\IdentityService.Domain\IdentityService.Domain.csproj", "{4B4F1F8F-FE68-43F7-9A0B-066C13F9589A}"
EndProject
Project("{2150E333-8FDC-42A3-9474-1A3956D46DE8}") = "BasketService", "BasketService", "{2C1B8EEE-B9A9-AB90-3B55-81ACAE896042}"
EndProject
Project("{FAE04EC0-301F-11D3-BF4B-00C04F79EFBC}") = "BasketService.API", "src\BasketService\BasketService.API\BasketService.API.csproj", "{95905C97-BC86-4CA8-A8EF-B9F542F18609}"
EndProject
Project("{FAE04EC0-301F-11D3-BF4B-00C04F79EFBC}") = "BasketService.Application", "src\BasketService\BasketService.Application\BasketService.Application.csproj", "{E5B86AD4-53D2-4783-9F15-36261BB51B03}"
EndProject
Project("{FAE04EC0-301F-11D3-BF4B-00C04F79EFBC}") = "BasketService.Domain", "src\BasketService\BasketService.Domain\BasketService.Domain.csproj", "{4581A2B4-76B7-4236-A082-7CF00FD000DF}"
EndProject
Project("{FAE04EC0-301F-11D3-BF4B-00C04F79EFBC}") = "BasketService.Infrastructure", "src\BasketService\BasketService.Infrastructure\BasketService.Infrastructure.csproj", "{68A217B9-03B8-4BEA-8219-B75F78791691}"
EndProject
Project("{2150E333-8FDC-42A3-9474-1A3956D46DE8}") = "CatalogService", "CatalogService", "{3617447B-49FD-7774-452C-A55AD9DFE5C2}"
EndProject
Project("{FAE04EC0-301F-11D3-BF4B-00C04F79EFBC}") = "CatalogService.API", "src\CatalogService\CatalogService.API\CatalogService.API.csproj", "{5E0B80CA-46BC-4B06-9FC4-BEB9D0205136}"
EndProject
Project("{FAE04EC0-301F-11D3-BF4B-00C04F79EFBC}") = "CatalogService.Application", "src\CatalogService\CatalogService.Application\CatalogService.Application.csproj", "{2AEC285B-FCF6-4C38-8796-558BA47276DB}"
EndProject
Project("{FAE04EC0-301F-11D3-BF4B-00C04F79EFBC}") = "CatalogService.Domain", "src\CatalogService\CatalogService.Domain\CatalogService.Domain.csproj", "{5CF05F10-ECA6-4F63-AA82-1E8ED19E050C}"
EndProject
Project("{FAE04EC0-301F-11D3-BF4B-00C04F79EFBC}") = "CatalogService.Infrastructure", "src\CatalogService\CatalogService.Infrastructure\CatalogService.Infrastructure.csproj", "{A995DDA5-8CA0-4358-A8DF-88DB194AFC5E}"
EndProject
Project("{2150E333-8FDC-42A3-9474-1A3956D46DE8}") = "OrderService", "OrderService", "{D5064FC8-1F49-54B6-E1C8-B23A6140528A}"
EndProject
Project("{FAE04EC0-301F-11D3-BF4B-00C04F79EFBC}") = "OrderService.API", "src\OrderService\OrderService.API\OrderService.API.csproj", "{F8CBC8A3-C477-4D46-A644-198550A254ED}"
EndProject
Project("{FAE04EC0-301F-11D3-BF4B-00C04F79EFBC}") = "OrderService.Application", "src\OrderService\OrderService.Application\OrderService.Application.csproj", "{BB6B3F95-ABD0-4AFF-8F21-3EE74DFF6E77}"
EndProject
Project("{FAE04EC0-301F-11D3-BF4B-00C04F79EFBC}") = "OrderService.Domain", "src\OrderService\OrderService.Domain\OrderService.Domain.csproj", "{19B729AA-4540-4997-B001-26812F93A537}"
EndProject
Project("{FAE04EC0-301F-11D3-BF4B-00C04F79EFBC}") = "OrderService.Infrastructure", "src\OrderService\OrderService.Infrastructure\OrderService.Infrastructure.csproj", "{4160E753-1D6D-456D-B3F1-C5AE2F13A085}"
EndProject
Project("{FAE04EC0-301F-11D3-BF4B-00C04F79EFBC}") = "IdentityService.Persistence", "src\IdentityService\IdentityService.Persistence\IdentityService.Persistence.csproj", "{8D908572-D3F5-48F2-A454-A4A349CC1276}"
EndProject
Project("{2150E333-8FDC-42A3-9474-1A3956D46DE8}") = "PaymentService", "PaymentService", "{A0C94347-73E4-1EE9-412B-13A38E3B0A6F}"
EndProject
Project("{FAE04EC0-301F-11D3-BF4B-00C04F79EFBC}") = "PaymentService.API", "src\PaymentService\PaymentService.API\PaymentService.API.csproj", "{94EBF9B3-2DF2-40F4-9975-2D5A58FF76CD}"
EndProject
Project("{FAE04EC0-301F-11D3-BF4B-00C04F79EFBC}") = "PaymentService.Application", "src\PaymentService\PaymentService.Application\PaymentService.Application.csproj", "{A7DDEDE8-FF02-43E8-9511-53A858BA12CA}"
EndProject
Project("{FAE04EC0-301F-11D3-BF4B-00C04F79EFBC}") = "PaymentService.Domain", "src\PaymentService\PaymentService.Domain\PaymentService.Domain.csproj", "{53D34B0B-FEFE-40DF-AE3A-CA368B16FEB1}"
EndProject
Project("{FAE04EC0-301F-11D3-BF4B-00C04F79EFBC}") = "PaymentService.Infrastructure", "src\PaymentService\PaymentService.Infrastructure\PaymentService.Infrastructure.csproj", "{8EEDD4A5-491E-42EA-9683-ED3A3BE17B4A}"
EndProject
Project("{FAE04EC0-301F-11D3-BF4B-00C04F79EFBC}") = "PaymentService.Persistence", "src\PaymentService\PaymentService.Persistence\PaymentService.Persistence.csproj", "{4C169920-6054-46BD-9208-6D719ADA7597}"
EndProject
Project("{FAE04EC0-301F-11D3-BF4B-00C04F79EFBC}") = "IdentityService.DAL", "src\IdentityService\IdentityService.DAL\IdentityService.DAL.csproj", "{B1F4FE8C-EC39-4080-82D9-2513EA62882D}"
EndProject
Project("{FAE04EC0-301F-11D3-BF4B-00C04F79EFBC}") = "IdentityService.BLL", "src\IdentityService\IdentityService.BLL\IdentityService.BLL.csproj", "{FAD90588-D3E1-42B2-92AC-6C5414277874}"
EndProject
Global
	GlobalSection(SolutionConfigurationPlatforms) = preSolution
		Debug|Any CPU = Debug|Any CPU
		Debug|x64 = Debug|x64
		Debug|x86 = Debug|x86
		Release|Any CPU = Release|Any CPU
		Release|x64 = Release|x64
		Release|x86 = Release|x86
	EndGlobalSection
	GlobalSection(ProjectConfigurationPlatforms) = postSolution
		{53392FC6-7607-4308-9C5F-6321369C1055}.Debug|Any CPU.ActiveCfg = Debug|Any CPU
		{53392FC6-7607-4308-9C5F-6321369C1055}.Debug|Any CPU.Build.0 = Debug|Any CPU
		{53392FC6-7607-4308-9C5F-6321369C1055}.Debug|x64.ActiveCfg = Debug|Any CPU
		{53392FC6-7607-4308-9C5F-6321369C1055}.Debug|x64.Build.0 = Debug|Any CPU
		{53392FC6-7607-4308-9C5F-6321369C1055}.Debug|x86.ActiveCfg = Debug|Any CPU
		{53392FC6-7607-4308-9C5F-6321369C1055}.Debug|x86.Build.0 = Debug|Any CPU
		{53392FC6-7607-4308-9C5F-6321369C1055}.Release|Any CPU.ActiveCfg = Release|Any CPU
		{53392FC6-7607-4308-9C5F-6321369C1055}.Release|Any CPU.Build.0 = Release|Any CPU
		{53392FC6-7607-4308-9C5F-6321369C1055}.Release|x64.ActiveCfg = Release|Any CPU
		{53392FC6-7607-4308-9C5F-6321369C1055}.Release|x64.Build.0 = Release|Any CPU
		{53392FC6-7607-4308-9C5F-6321369C1055}.Release|x86.ActiveCfg = Release|Any CPU
		{53392FC6-7607-4308-9C5F-6321369C1055}.Release|x86.Build.0 = Release|Any CPU
		{FC59AC2A-199E-4695-BA3C-01DC10ED905D}.Debug|Any CPU.ActiveCfg = Debug|Any CPU
		{FC59AC2A-199E-4695-BA3C-01DC10ED905D}.Debug|Any CPU.Build.0 = Debug|Any CPU
		{FC59AC2A-199E-4695-BA3C-01DC10ED905D}.Debug|x64.ActiveCfg = Debug|Any CPU
		{FC59AC2A-199E-4695-BA3C-01DC10ED905D}.Debug|x64.Build.0 = Debug|Any CPU
		{FC59AC2A-199E-4695-BA3C-01DC10ED905D}.Debug|x86.ActiveCfg = Debug|Any CPU
		{FC59AC2A-199E-4695-BA3C-01DC10ED905D}.Debug|x86.Build.0 = Debug|Any CPU
		{FC59AC2A-199E-4695-BA3C-01DC10ED905D}.Release|Any CPU.ActiveCfg = Release|Any CPU
		{FC59AC2A-199E-4695-BA3C-01DC10ED905D}.Release|Any CPU.Build.0 = Release|Any CPU
		{FC59AC2A-199E-4695-BA3C-01DC10ED905D}.Release|x64.ActiveCfg = Release|Any CPU
		{FC59AC2A-199E-4695-BA3C-01DC10ED905D}.Release|x64.Build.0 = Release|Any CPU
		{FC59AC2A-199E-4695-BA3C-01DC10ED905D}.Release|x86.ActiveCfg = Release|Any CPU
		{FC59AC2A-199E-4695-BA3C-01DC10ED905D}.Release|x86.Build.0 = Release|Any CPU
		{596BCE61-BFC8-4682-A790-7CD8F8C932C2}.Debug|Any CPU.ActiveCfg = Debug|Any CPU
		{596BCE61-BFC8-4682-A790-7CD8F8C932C2}.Debug|Any CPU.Build.0 = Debug|Any CPU
		{596BCE61-BFC8-4682-A790-7CD8F8C932C2}.Debug|x64.ActiveCfg = Debug|Any CPU
		{596BCE61-BFC8-4682-A790-7CD8F8C932C2}.Debug|x64.Build.0 = Debug|Any CPU
		{596BCE61-BFC8-4682-A790-7CD8F8C932C2}.Debug|x86.ActiveCfg = Debug|Any CPU
		{596BCE61-BFC8-4682-A790-7CD8F8C932C2}.Debug|x86.Build.0 = Debug|Any CPU
		{596BCE61-BFC8-4682-A790-7CD8F8C932C2}.Release|Any CPU.ActiveCfg = Release|Any CPU
		{596BCE61-BFC8-4682-A790-7CD8F8C932C2}.Release|Any CPU.Build.0 = Release|Any CPU
		{596BCE61-BFC8-4682-A790-7CD8F8C932C2}.Release|x64.ActiveCfg = Release|Any CPU
		{596BCE61-BFC8-4682-A790-7CD8F8C932C2}.Release|x64.Build.0 = Release|Any CPU
		{596BCE61-BFC8-4682-A790-7CD8F8C932C2}.Release|x86.ActiveCfg = Release|Any CPU
		{596BCE61-BFC8-4682-A790-7CD8F8C932C2}.Release|x86.Build.0 = Release|Any CPU
		{4B4F1F8F-FE68-43F7-9A0B-066C13F9589A}.Debug|Any CPU.ActiveCfg = Debug|Any CPU
		{4B4F1F8F-FE68-43F7-9A0B-066C13F9589A}.Debug|Any CPU.Build.0 = Debug|Any CPU
		{4B4F1F8F-FE68-43F7-9A0B-066C13F9589A}.Debug|x64.ActiveCfg = Debug|Any CPU
		{4B4F1F8F-FE68-43F7-9A0B-066C13F9589A}.Debug|x64.Build.0 = Debug|Any CPU
		{4B4F1F8F-FE68-43F7-9A0B-066C13F9589A}.Debug|x86.ActiveCfg = Debug|Any CPU
		{4B4F1F8F-FE68-43F7-9A0B-066C13F9589A}.Debug|x86.Build.0 = Debug|Any CPU
		{4B4F1F8F-FE68-43F7-9A0B-066C13F9589A}.Release|Any CPU.ActiveCfg = Release|Any CPU
		{4B4F1F8F-FE68-43F7-9A0B-066C13F9589A}.Release|Any CPU.Build.0 = Release|Any CPU
		{4B4F1F8F-FE68-43F7-9A0B-066C13F9589A}.Release|x64.ActiveCfg = Release|Any CPU
		{4B4F1F8F-FE68-43F7-9A0B-066C13F9589A}.Release|x64.Build.0 = Release|Any CPU
		{4B4F1F8F-FE68-43F7-9A0B-066C13F9589A}.Release|x86.ActiveCfg = Release|Any CPU
		{4B4F1F8F-FE68-43F7-9A0B-066C13F9589A}.Release|x86.Build.0 = Release|Any CPU
		{95905C97-BC86-4CA8-A8EF-B9F542F18609}.Debug|Any CPU.ActiveCfg = Debug|Any CPU
		{95905C97-BC86-4CA8-A8EF-B9F542F18609}.Debug|Any CPU.Build.0 = Debug|Any CPU
		{95905C97-BC86-4CA8-A8EF-B9F542F18609}.Debug|x64.ActiveCfg = Debug|Any CPU
		{95905C97-BC86-4CA8-A8EF-B9F542F18609}.Debug|x64.Build.0 = Debug|Any CPU
		{95905C97-BC86-4CA8-A8EF-B9F542F18609}.Debug|x86.ActiveCfg = Debug|Any CPU
		{95905C97-BC86-4CA8-A8EF-B9F542F18609}.Debug|x86.Build.0 = Debug|Any CPU
		{95905C97-BC86-4CA8-A8EF-B9F542F18609}.Release|Any CPU.ActiveCfg = Release|Any CPU
		{95905C97-BC86-4CA8-A8EF-B9F542F18609}.Release|Any CPU.Build.0 = Release|Any CPU
		{95905C97-BC86-4CA8-A8EF-B9F542F18609}.Release|x64.ActiveCfg = Release|Any CPU
		{95905C97-BC86-4CA8-A8EF-B9F542F18609}.Release|x64.Build.0 = Release|Any CPU
		{95905C97-BC86-4CA8-A8EF-B9F542F18609}.Release|x86.ActiveCfg = Release|Any CPU
		{95905C97-BC86-4CA8-A8EF-B9F542F18609}.Release|x86.Build.0 = Release|Any CPU
		{E5B86AD4-53D2-4783-9F15-36261BB51B03}.Debug|Any CPU.ActiveCfg = Debug|Any CPU
		{E5B86AD4-53D2-4783-9F15-36261BB51B03}.Debug|Any CPU.Build.0 = Debug|Any CPU
		{E5B86AD4-53D2-4783-9F15-36261BB51B03}.Debug|x64.ActiveCfg = Debug|Any CPU
		{E5B86AD4-53D2-4783-9F15-36261BB51B03}.Debug|x64.Build.0 = Debug|Any CPU
		{E5B86AD4-53D2-4783-9F15-36261BB51B03}.Debug|x86.ActiveCfg = Debug|Any CPU
		{E5B86AD4-53D2-4783-9F15-36261BB51B03}.Debug|x86.Build.0 = Debug|Any CPU
		{E5B86AD4-53D2-4783-9F15-36261BB51B03}.Release|Any CPU.ActiveCfg = Release|Any CPU
		{E5B86AD4-53D2-4783-9F15-36261BB51B03}.Release|Any CPU.Build.0 = Release|Any CPU
		{E5B86AD4-53D2-4783-9F15-36261BB51B03}.Release|x64.ActiveCfg = Release|Any CPU
		{E5B86AD4-53D2-4783-9F15-36261BB51B03}.Release|x64.Build.0 = Release|Any CPU
		{E5B86AD4-53D2-4783-9F15-36261BB51B03}.Release|x86.ActiveCfg = Release|Any CPU
		{E5B86AD4-53D2-4783-9F15-36261BB51B03}.Release|x86.Build.0 = Release|Any CPU
		{4581A2B4-76B7-4236-A082-7CF00FD000DF}.Debug|Any CPU.ActiveCfg = Debug|Any CPU
		{4581A2B4-76B7-4236-A082-7CF00FD000DF}.Debug|Any CPU.Build.0 = Debug|Any CPU
		{4581A2B4-76B7-4236-A082-7CF00FD000DF}.Debug|x64.ActiveCfg = Debug|Any CPU
		{4581A2B4-76B7-4236-A082-7CF00FD000DF}.Debug|x64.Build.0 = Debug|Any CPU
		{4581A2B4-76B7-4236-A082-7CF00FD000DF}.Debug|x86.ActiveCfg = Debug|Any CPU
		{4581A2B4-76B7-4236-A082-7CF00FD000DF}.Debug|x86.Build.0 = Debug|Any CPU
		{4581A2B4-76B7-4236-A082-7CF00FD000DF}.Release|Any CPU.ActiveCfg = Release|Any CPU
		{4581A2B4-76B7-4236-A082-7CF00FD000DF}.Release|Any CPU.Build.0 = Release|Any CPU
		{4581A2B4-76B7-4236-A082-7CF00FD000DF}.Release|x64.ActiveCfg = Release|Any CPU
		{4581A2B4-76B7-4236-A082-7CF00FD000DF}.Release|x64.Build.0 = Release|Any CPU
		{4581A2B4-76B7-4236-A082-7CF00FD000DF}.Release|x86.ActiveCfg = Release|Any CPU
		{4581A2B4-76B7-4236-A082-7CF00FD000DF}.Release|x86.Build.0 = Release|Any CPU
		{68A217B9-03B8-4BEA-8219-B75F78791691}.Debug|Any CPU.ActiveCfg = Debug|Any CPU
		{68A217B9-03B8-4BEA-8219-B75F78791691}.Debug|Any CPU.Build.0 = Debug|Any CPU
		{68A217B9-03B8-4BEA-8219-B75F78791691}.Debug|x64.ActiveCfg = Debug|Any CPU
		{68A217B9-03B8-4BEA-8219-B75F78791691}.Debug|x64.Build.0 = Debug|Any CPU
		{68A217B9-03B8-4BEA-8219-B75F78791691}.Debug|x86.ActiveCfg = Debug|Any CPU
		{68A217B9-03B8-4BEA-8219-B75F78791691}.Debug|x86.Build.0 = Debug|Any CPU
		{68A217B9-03B8-4BEA-8219-B75F78791691}.Release|Any CPU.ActiveCfg = Release|Any CPU
		{68A217B9-03B8-4BEA-8219-B75F78791691}.Release|Any CPU.Build.0 = Release|Any CPU
		{68A217B9-03B8-4BEA-8219-B75F78791691}.Release|x64.ActiveCfg = Release|Any CPU
		{68A217B9-03B8-4BEA-8219-B75F78791691}.Release|x64.Build.0 = Release|Any CPU
		{68A217B9-03B8-4BEA-8219-B75F78791691}.Release|x86.ActiveCfg = Release|Any CPU
		{68A217B9-03B8-4BEA-8219-B75F78791691}.Release|x86.Build.0 = Release|Any CPU
		{5E0B80CA-46BC-4B06-9FC4-BEB9D0205136}.Debug|Any CPU.ActiveCfg = Debug|Any CPU
		{5E0B80CA-46BC-4B06-9FC4-BEB9D0205136}.Debug|Any CPU.Build.0 = Debug|Any CPU
		{5E0B80CA-46BC-4B06-9FC4-BEB9D0205136}.Debug|x64.ActiveCfg = Debug|Any CPU
		{5E0B80CA-46BC-4B06-9FC4-BEB9D0205136}.Debug|x64.Build.0 = Debug|Any CPU
		{5E0B80CA-46BC-4B06-9FC4-BEB9D0205136}.Debug|x86.ActiveCfg = Debug|Any CPU
		{5E0B80CA-46BC-4B06-9FC4-BEB9D0205136}.Debug|x86.Build.0 = Debug|Any CPU
		{5E0B80CA-46BC-4B06-9FC4-BEB9D0205136}.Release|Any CPU.ActiveCfg = Release|Any CPU
		{5E0B80CA-46BC-4B06-9FC4-BEB9D0205136}.Release|Any CPU.Build.0 = Release|Any CPU
		{5E0B80CA-46BC-4B06-9FC4-BEB9D0205136}.Release|x64.ActiveCfg = Release|Any CPU
		{5E0B80CA-46BC-4B06-9FC4-BEB9D0205136}.Release|x64.Build.0 = Release|Any CPU
		{5E0B80CA-46BC-4B06-9FC4-BEB9D0205136}.Release|x86.ActiveCfg = Release|Any CPU
		{5E0B80CA-46BC-4B06-9FC4-BEB9D0205136}.Release|x86.Build.0 = Release|Any CPU
		{2AEC285B-FCF6-4C38-8796-558BA47276DB}.Debug|Any CPU.ActiveCfg = Debug|Any CPU
		{2AEC285B-FCF6-4C38-8796-558BA47276DB}.Debug|Any CPU.Build.0 = Debug|Any CPU
		{2AEC285B-FCF6-4C38-8796-558BA47276DB}.Debug|x64.ActiveCfg = Debug|Any CPU
		{2AEC285B-FCF6-4C38-8796-558BA47276DB}.Debug|x64.Build.0 = Debug|Any CPU
		{2AEC285B-FCF6-4C38-8796-558BA47276DB}.Debug|x86.ActiveCfg = Debug|Any CPU
		{2AEC285B-FCF6-4C38-8796-558BA47276DB}.Debug|x86.Build.0 = Debug|Any CPU
		{2AEC285B-FCF6-4C38-8796-558BA47276DB}.Release|Any CPU.ActiveCfg = Release|Any CPU
		{2AEC285B-FCF6-4C38-8796-558BA47276DB}.Release|Any CPU.Build.0 = Release|Any CPU
		{2AEC285B-FCF6-4C38-8796-558BA47276DB}.Release|x64.ActiveCfg = Release|Any CPU
		{2AEC285B-FCF6-4C38-8796-558BA47276DB}.Release|x64.Build.0 = Release|Any CPU
		{2AEC285B-FCF6-4C38-8796-558BA47276DB}.Release|x86.ActiveCfg = Release|Any CPU
		{2AEC285B-FCF6-4C38-8796-558BA47276DB}.Release|x86.Build.0 = Release|Any CPU
		{5CF05F10-ECA6-4F63-AA82-1E8ED19E050C}.Debug|Any CPU.ActiveCfg = Debug|Any CPU
		{5CF05F10-ECA6-4F63-AA82-1E8ED19E050C}.Debug|Any CPU.Build.0 = Debug|Any CPU
		{5CF05F10-ECA6-4F63-AA82-1E8ED19E050C}.Debug|x64.ActiveCfg = Debug|Any CPU
		{5CF05F10-ECA6-4F63-AA82-1E8ED19E050C}.Debug|x64.Build.0 = Debug|Any CPU
		{5CF05F10-ECA6-4F63-AA82-1E8ED19E050C}.Debug|x86.ActiveCfg = Debug|Any CPU
		{5CF05F10-ECA6-4F63-AA82-1E8ED19E050C}.Debug|x86.Build.0 = Debug|Any CPU
		{5CF05F10-ECA6-4F63-AA82-1E8ED19E050C}.Release|Any CPU.ActiveCfg = Release|Any CPU
		{5CF05F10-ECA6-4F63-AA82-1E8ED19E050C}.Release|Any CPU.Build.0 = Release|Any CPU
		{5CF05F10-ECA6-4F63-AA82-1E8ED19E050C}.Release|x64.ActiveCfg = Release|Any CPU
		{5CF05F10-ECA6-4F63-AA82-1E8ED19E050C}.Release|x64.Build.0 = Release|Any CPU
		{5CF05F10-ECA6-4F63-AA82-1E8ED19E050C}.Release|x86.ActiveCfg = Release|Any CPU
		{5CF05F10-ECA6-4F63-AA82-1E8ED19E050C}.Release|x86.Build.0 = Release|Any CPU
		{A995DDA5-8CA0-4358-A8DF-88DB194AFC5E}.Debug|Any CPU.ActiveCfg = Debug|Any CPU
		{A995DDA5-8CA0-4358-A8DF-88DB194AFC5E}.Debug|Any CPU.Build.0 = Debug|Any CPU
		{A995DDA5-8CA0-4358-A8DF-88DB194AFC5E}.Debug|x64.ActiveCfg = Debug|Any CPU
		{A995DDA5-8CA0-4358-A8DF-88DB194AFC5E}.Debug|x64.Build.0 = Debug|Any CPU
		{A995DDA5-8CA0-4358-A8DF-88DB194AFC5E}.Debug|x86.ActiveCfg = Debug|Any CPU
		{A995DDA5-8CA0-4358-A8DF-88DB194AFC5E}.Debug|x86.Build.0 = Debug|Any CPU
		{A995DDA5-8CA0-4358-A8DF-88DB194AFC5E}.Release|Any CPU.ActiveCfg = Release|Any CPU
		{A995DDA5-8CA0-4358-A8DF-88DB194AFC5E}.Release|Any CPU.Build.0 = Release|Any CPU
		{A995DDA5-8CA0-4358-A8DF-88DB194AFC5E}.Release|x64.ActiveCfg = Release|Any CPU
		{A995DDA5-8CA0-4358-A8DF-88DB194AFC5E}.Release|x64.Build.0 = Release|Any CPU
		{A995DDA5-8CA0-4358-A8DF-88DB194AFC5E}.Release|x86.ActiveCfg = Release|Any CPU
		{A995DDA5-8CA0-4358-A8DF-88DB194AFC5E}.Release|x86.Build.0 = Release|Any CPU
		{F8CBC8A3-C477-4D46-A644-198550A254ED}.Debug|Any CPU.ActiveCfg = Debug|Any CPU
		{F8CBC8A3-C477-4D46-A644-198550A254ED}.Debug|Any CPU.Build.0 = Debug|Any CPU
		{F8CBC8A3-C477-4D46-A644-198550A254ED}.Debug|x64.ActiveCfg = Debug|Any CPU
		{F8CBC8A3-C477-4D46-A644-198550A254ED}.Debug|x64.Build.0 = Debug|Any CPU
		{F8CBC8A3-C477-4D46-A644-198550A254ED}.Debug|x86.ActiveCfg = Debug|Any CPU
		{F8CBC8A3-C477-4D46-A644-198550A254ED}.Debug|x86.Build.0 = Debug|Any CPU
		{F8CBC8A3-C477-4D46-A644-198550A254ED}.Release|Any CPU.ActiveCfg = Release|Any CPU
		{F8CBC8A3-C477-4D46-A644-198550A254ED}.Release|Any CPU.Build.0 = Release|Any CPU
		{F8CBC8A3-C477-4D46-A644-198550A254ED}.Release|x64.ActiveCfg = Release|Any CPU
		{F8CBC8A3-C477-4D46-A644-198550A254ED}.Release|x64.Build.0 = Release|Any CPU
		{F8CBC8A3-C477-4D46-A644-198550A254ED}.Release|x86.ActiveCfg = Release|Any CPU
		{F8CBC8A3-C477-4D46-A644-198550A254ED}.Release|x86.Build.0 = Release|Any CPU
		{BB6B3F95-ABD0-4AFF-8F21-3EE74DFF6E77}.Debug|Any CPU.ActiveCfg = Debug|Any CPU
		{BB6B3F95-ABD0-4AFF-8F21-3EE74DFF6E77}.Debug|Any CPU.Build.0 = Debug|Any CPU
		{BB6B3F95-ABD0-4AFF-8F21-3EE74DFF6E77}.Debug|x64.ActiveCfg = Debug|Any CPU
		{BB6B3F95-ABD0-4AFF-8F21-3EE74DFF6E77}.Debug|x64.Build.0 = Debug|Any CPU
		{BB6B3F95-ABD0-4AFF-8F21-3EE74DFF6E77}.Debug|x86.ActiveCfg = Debug|Any CPU
		{BB6B3F95-ABD0-4AFF-8F21-3EE74DFF6E77}.Debug|x86.Build.0 = Debug|Any CPU
		{BB6B3F95-ABD0-4AFF-8F21-3EE74DFF6E77}.Release|Any CPU.ActiveCfg = Release|Any CPU
		{BB6B3F95-ABD0-4AFF-8F21-3EE74DFF6E77}.Release|Any CPU.Build.0 = Release|Any CPU
		{BB6B3F95-ABD0-4AFF-8F21-3EE74DFF6E77}.Release|x64.ActiveCfg = Release|Any CPU
		{BB6B3F95-ABD0-4AFF-8F21-3EE74DFF6E77}.Release|x64.Build.0 = Release|Any CPU
		{BB6B3F95-ABD0-4AFF-8F21-3EE74DFF6E77}.Release|x86.ActiveCfg = Release|Any CPU
		{BB6B3F95-ABD0-4AFF-8F21-3EE74DFF6E77}.Release|x86.Build.0 = Release|Any CPU
		{19B729AA-4540-4997-B001-26812F93A537}.Debug|Any CPU.ActiveCfg = Debug|Any CPU
		{19B729AA-4540-4997-B001-26812F93A537}.Debug|Any CPU.Build.0 = Debug|Any CPU
		{19B729AA-4540-4997-B001-26812F93A537}.Debug|x64.ActiveCfg = Debug|Any CPU
		{19B729AA-4540-4997-B001-26812F93A537}.Debug|x64.Build.0 = Debug|Any CPU
		{19B729AA-4540-4997-B001-26812F93A537}.Debug|x86.ActiveCfg = Debug|Any CPU
		{19B729AA-4540-4997-B001-26812F93A537}.Debug|x86.Build.0 = Debug|Any CPU
		{19B729AA-4540-4997-B001-26812F93A537}.Release|Any CPU.ActiveCfg = Release|Any CPU
		{19B729AA-4540-4997-B001-26812F93A537}.Release|Any CPU.Build.0 = Release|Any CPU
		{19B729AA-4540-4997-B001-26812F93A537}.Release|x64.ActiveCfg = Release|Any CPU
		{19B729AA-4540-4997-B001-26812F93A537}.Release|x64.Build.0 = Release|Any CPU
		{19B729AA-4540-4997-B001-26812F93A537}.Release|x86.ActiveCfg = Release|Any CPU
		{19B729AA-4540-4997-B001-26812F93A537}.Release|x86.Build.0 = Release|Any CPU
		{4160E753-1D6D-456D-B3F1-C5AE2F13A085}.Debug|Any CPU.ActiveCfg = Debug|Any CPU
		{4160E753-1D6D-456D-B3F1-C5AE2F13A085}.Debug|Any CPU.Build.0 = Debug|Any CPU
		{4160E753-1D6D-456D-B3F1-C5AE2F13A085}.Debug|x64.ActiveCfg = Debug|Any CPU
		{4160E753-1D6D-456D-B3F1-C5AE2F13A085}.Debug|x64.Build.0 = Debug|Any CPU
		{4160E753-1D6D-456D-B3F1-C5AE2F13A085}.Debug|x86.ActiveCfg = Debug|Any CPU
		{4160E753-1D6D-456D-B3F1-C5AE2F13A085}.Debug|x86.Build.0 = Debug|Any CPU
		{4160E753-1D6D-456D-B3F1-C5AE2F13A085}.Release|Any CPU.ActiveCfg = Release|Any CPU
		{4160E753-1D6D-456D-B3F1-C5AE2F13A085}.Release|Any CPU.Build.0 = Release|Any CPU
		{4160E753-1D6D-456D-B3F1-C5AE2F13A085}.Release|x64.ActiveCfg = Release|Any CPU
		{4160E753-1D6D-456D-B3F1-C5AE2F13A085}.Release|x64.Build.0 = Release|Any CPU
		{4160E753-1D6D-456D-B3F1-C5AE2F13A085}.Release|x86.ActiveCfg = Release|Any CPU
		{4160E753-1D6D-456D-B3F1-C5AE2F13A085}.Release|x86.Build.0 = Release|Any CPU
		{8D908572-D3F5-48F2-A454-A4A349CC1276}.Debug|Any CPU.ActiveCfg = Debug|Any CPU
		{8D908572-D3F5-48F2-A454-A4A349CC1276}.Debug|Any CPU.Build.0 = Debug|Any CPU
		{8D908572-D3F5-48F2-A454-A4A349CC1276}.Debug|x64.ActiveCfg = Debug|Any CPU
		{8D908572-D3F5-48F2-A454-A4A349CC1276}.Debug|x64.Build.0 = Debug|Any CPU
		{8D908572-D3F5-48F2-A454-A4A349CC1276}.Debug|x86.ActiveCfg = Debug|Any CPU
		{8D908572-D3F5-48F2-A454-A4A349CC1276}.Debug|x86.Build.0 = Debug|Any CPU
		{8D908572-D3F5-48F2-A454-A4A349CC1276}.Release|Any CPU.ActiveCfg = Release|Any CPU
		{8D908572-D3F5-48F2-A454-A4A349CC1276}.Release|Any CPU.Build.0 = Release|Any CPU
		{8D908572-D3F5-48F2-A454-A4A349CC1276}.Release|x64.ActiveCfg = Release|Any CPU
		{8D908572-D3F5-48F2-A454-A4A349CC1276}.Release|x64.Build.0 = Release|Any CPU
		{8D908572-D3F5-48F2-A454-A4A349CC1276}.Release|x86.ActiveCfg = Release|Any CPU
		{8D908572-D3F5-48F2-A454-A4A349CC1276}.Release|x86.Build.0 = Release|Any CPU
		{94EBF9B3-2DF2-40F4-9975-2D5A58FF76CD}.Debug|Any CPU.ActiveCfg = Debug|Any CPU
		{94EBF9B3-2DF2-40F4-9975-2D5A58FF76CD}.Debug|Any CPU.Build.0 = Debug|Any CPU
		{94EBF9B3-2DF2-40F4-9975-2D5A58FF76CD}.Debug|x64.ActiveCfg = Debug|Any CPU
		{94EBF9B3-2DF2-40F4-9975-2D5A58FF76CD}.Debug|x64.Build.0 = Debug|Any CPU
		{94EBF9B3-2DF2-40F4-9975-2D5A58FF76CD}.Debug|x86.ActiveCfg = Debug|Any CPU
		{94EBF9B3-2DF2-40F4-9975-2D5A58FF76CD}.Debug|x86.Build.0 = Debug|Any CPU
		{94EBF9B3-2DF2-40F4-9975-2D5A58FF76CD}.Release|Any CPU.ActiveCfg = Release|Any CPU
		{94EBF9B3-2DF2-40F4-9975-2D5A58FF76CD}.Release|Any CPU.Build.0 = Release|Any CPU
		{94EBF9B3-2DF2-40F4-9975-2D5A58FF76CD}.Release|x64.ActiveCfg = Release|Any CPU
		{94EBF9B3-2DF2-40F4-9975-2D5A58FF76CD}.Release|x64.Build.0 = Release|Any CPU
		{94EBF9B3-2DF2-40F4-9975-2D5A58FF76CD}.Release|x86.ActiveCfg = Release|Any CPU
		{94EBF9B3-2DF2-40F4-9975-2D5A58FF76CD}.Release|x86.Build.0 = Release|Any CPU
		{A7DDEDE8-FF02-43E8-9511-53A858BA12CA}.Debug|Any CPU.ActiveCfg = Debug|Any CPU
		{A7DDEDE8-FF02-43E8-9511-53A858BA12CA}.Debug|Any CPU.Build.0 = Debug|Any CPU
		{A7DDEDE8-FF02-43E8-9511-53A858BA12CA}.Debug|x64.ActiveCfg = Debug|Any CPU
		{A7DDEDE8-FF02-43E8-9511-53A858BA12CA}.Debug|x64.Build.0 = Debug|Any CPU
		{A7DDEDE8-FF02-43E8-9511-53A858BA12CA}.Debug|x86.ActiveCfg = Debug|Any CPU
		{A7DDEDE8-FF02-43E8-9511-53A858BA12CA}.Debug|x86.Build.0 = Debug|Any CPU
		{A7DDEDE8-FF02-43E8-9511-53A858BA12CA}.Release|Any CPU.ActiveCfg = Release|Any CPU
		{A7DDEDE8-FF02-43E8-9511-53A858BA12CA}.Release|Any CPU.Build.0 = Release|Any CPU
		{A7DDEDE8-FF02-43E8-9511-53A858BA12CA}.Release|x64.ActiveCfg = Release|Any CPU
		{A7DDEDE8-FF02-43E8-9511-53A858BA12CA}.Release|x64.Build.0 = Release|Any CPU
		{A7DDEDE8-FF02-43E8-9511-53A858BA12CA}.Release|x86.ActiveCfg = Release|Any CPU
		{A7DDEDE8-FF02-43E8-9511-53A858BA12CA}.Release|x86.Build.0 = Release|Any CPU
		{53D34B0B-FEFE-40DF-AE3A-CA368B16FEB1}.Debug|Any CPU.ActiveCfg = Debug|Any CPU
		{53D34B0B-FEFE-40DF-AE3A-CA368B16FEB1}.Debug|Any CPU.Build.0 = Debug|Any CPU
		{53D34B0B-FEFE-40DF-AE3A-CA368B16FEB1}.Debug|x64.ActiveCfg = Debug|Any CPU
		{53D34B0B-FEFE-40DF-AE3A-CA368B16FEB1}.Debug|x64.Build.0 = Debug|Any CPU
		{53D34B0B-FEFE-40DF-AE3A-CA368B16FEB1}.Debug|x86.ActiveCfg = Debug|Any CPU
		{53D34B0B-FEFE-40DF-AE3A-CA368B16FEB1}.Debug|x86.Build.0 = Debug|Any CPU
		{53D34B0B-FEFE-40DF-AE3A-CA368B16FEB1}.Release|Any CPU.ActiveCfg = Release|Any CPU
		{53D34B0B-FEFE-40DF-AE3A-CA368B16FEB1}.Release|Any CPU.Build.0 = Release|Any CPU
		{53D34B0B-FEFE-40DF-AE3A-CA368B16FEB1}.Release|x64.ActiveCfg = Release|Any CPU
		{53D34B0B-FEFE-40DF-AE3A-CA368B16FEB1}.Release|x64.Build.0 = Release|Any CPU
		{53D34B0B-FEFE-40DF-AE3A-CA368B16FEB1}.Release|x86.ActiveCfg = Release|Any CPU
		{53D34B0B-FEFE-40DF-AE3A-CA368B16FEB1}.Release|x86.Build.0 = Release|Any CPU
		{8EEDD4A5-491E-42EA-9683-ED3A3BE17B4A}.Debug|Any CPU.ActiveCfg = Debug|Any CPU
		{8EEDD4A5-491E-42EA-9683-ED3A3BE17B4A}.Debug|Any CPU.Build.0 = Debug|Any CPU
		{8EEDD4A5-491E-42EA-9683-ED3A3BE17B4A}.Debug|x64.ActiveCfg = Debug|Any CPU
		{8EEDD4A5-491E-42EA-9683-ED3A3BE17B4A}.Debug|x64.Build.0 = Debug|Any CPU
		{8EEDD4A5-491E-42EA-9683-ED3A3BE17B4A}.Debug|x86.ActiveCfg = Debug|Any CPU
		{8EEDD4A5-491E-42EA-9683-ED3A3BE17B4A}.Debug|x86.Build.0 = Debug|Any CPU
		{8EEDD4A5-491E-42EA-9683-ED3A3BE17B4A}.Release|Any CPU.ActiveCfg = Release|Any CPU
		{8EEDD4A5-491E-42EA-9683-ED3A3BE17B4A}.Release|Any CPU.Build.0 = Release|Any CPU
		{8EEDD4A5-491E-42EA-9683-ED3A3BE17B4A}.Release|x64.ActiveCfg = Release|Any CPU
		{8EEDD4A5-491E-42EA-9683-ED3A3BE17B4A}.Release|x64.Build.0 = Release|Any CPU
		{8EEDD4A5-491E-42EA-9683-ED3A3BE17B4A}.Release|x86.ActiveCfg = Release|Any CPU
		{8EEDD4A5-491E-42EA-9683-ED3A3BE17B4A}.Release|x86.Build.0 = Release|Any CPU
		{4C169920-6054-46BD-9208-6D719ADA7597}.Debug|Any CPU.ActiveCfg = Debug|Any CPU
		{4C169920-6054-46BD-9208-6D719ADA7597}.Debug|Any CPU.Build.0 = Debug|Any CPU
		{4C169920-6054-46BD-9208-6D719ADA7597}.Debug|x64.ActiveCfg = Debug|Any CPU
		{4C169920-6054-46BD-9208-6D719ADA7597}.Debug|x64.Build.0 = Debug|Any CPU
		{4C169920-6054-46BD-9208-6D719ADA7597}.Debug|x86.ActiveCfg = Debug|Any CPU
		{4C169920-6054-46BD-9208-6D719ADA7597}.Debug|x86.Build.0 = Debug|Any CPU
		{4C169920-6054-46BD-9208-6D719ADA7597}.Release|Any CPU.ActiveCfg = Release|Any CPU
		{4C169920-6054-46BD-9208-6D719ADA7597}.Release|Any CPU.Build.0 = Release|Any CPU
		{4C169920-6054-46BD-9208-6D719ADA7597}.Release|x64.ActiveCfg = Release|Any CPU
		{4C169920-6054-46BD-9208-6D719ADA7597}.Release|x64.Build.0 = Release|Any CPU
		{4C169920-6054-46BD-9208-6D719ADA7597}.Release|x86.ActiveCfg = Release|Any CPU
		{4C169920-6054-46BD-9208-6D719ADA7597}.Release|x86.Build.0 = Release|Any CPU
		{B1F4FE8C-EC39-4080-82D9-2513EA62882D}.Debug|Any CPU.ActiveCfg = Debug|Any CPU
		{B1F4FE8C-EC39-4080-82D9-2513EA62882D}.Debug|Any CPU.Build.0 = Debug|Any CPU
		{B1F4FE8C-EC39-4080-82D9-2513EA62882D}.Debug|x64.ActiveCfg = Debug|Any CPU
		{B1F4FE8C-EC39-4080-82D9-2513EA62882D}.Debug|x64.Build.0 = Debug|Any CPU
		{B1F4FE8C-EC39-4080-82D9-2513EA62882D}.Debug|x86.ActiveCfg = Debug|Any CPU
		{B1F4FE8C-EC39-4080-82D9-2513EA62882D}.Debug|x86.Build.0 = Debug|Any CPU
		{B1F4FE8C-EC39-4080-82D9-2513EA62882D}.Release|Any CPU.ActiveCfg = Release|Any CPU
		{B1F4FE8C-EC39-4080-82D9-2513EA62882D}.Release|Any CPU.Build.0 = Release|Any CPU
		{B1F4FE8C-EC39-4080-82D9-2513EA62882D}.Release|x64.ActiveCfg = Release|Any CPU
		{B1F4FE8C-EC39-4080-82D9-2513EA62882D}.Release|x64.Build.0 = Release|Any CPU
		{B1F4FE8C-EC39-4080-82D9-2513EA62882D}.Release|x86.ActiveCfg = Release|Any CPU
		{B1F4FE8C-EC39-4080-82D9-2513EA62882D}.Release|x86.Build.0 = Release|Any CPU
		{FAD90588-D3E1-42B2-92AC-6C5414277874}.Debug|Any CPU.ActiveCfg = Debug|Any CPU
		{FAD90588-D3E1-42B2-92AC-6C5414277874}.Debug|Any CPU.Build.0 = Debug|Any CPU
		{FAD90588-D3E1-42B2-92AC-6C5414277874}.Debug|x64.ActiveCfg = Debug|Any CPU
		{FAD90588-D3E1-42B2-92AC-6C5414277874}.Debug|x64.Build.0 = Debug|Any CPU
		{FAD90588-D3E1-42B2-92AC-6C5414277874}.Debug|x86.ActiveCfg = Debug|Any CPU
		{FAD90588-D3E1-42B2-92AC-6C5414277874}.Debug|x86.Build.0 = Debug|Any CPU
		{FAD90588-D3E1-42B2-92AC-6C5414277874}.Release|Any CPU.ActiveCfg = Release|Any CPU
		{FAD90588-D3E1-42B2-92AC-6C5414277874}.Release|Any CPU.Build.0 = Release|Any CPU
		{FAD90588-D3E1-42B2-92AC-6C5414277874}.Release|x64.ActiveCfg = Release|Any CPU
		{FAD90588-D3E1-42B2-92AC-6C5414277874}.Release|x64.Build.0 = Release|Any CPU
		{FAD90588-D3E1-42B2-92AC-6C5414277874}.Release|x86.ActiveCfg = Release|Any CPU
		{FAD90588-D3E1-42B2-92AC-6C5414277874}.Release|x86.Build.0 = Release|Any CPU
	EndGlobalSection
	GlobalSection(SolutionProperties) = preSolution
		HideSolutionNode = FALSE
	EndGlobalSection
	GlobalSection(NestedProjects) = preSolution
		{F8B90FFE-BB37-8A69-F901-2B9289615797} = {827E0CD3-B72D-47B6-A68D-7590B98EB39B}
		{53392FC6-7607-4308-9C5F-6321369C1055} = {F8B90FFE-BB37-8A69-F901-2B9289615797}
		{FC59AC2A-199E-4695-BA3C-01DC10ED905D} = {F8B90FFE-BB37-8A69-F901-2B9289615797}
		{596BCE61-BFC8-4682-A790-7CD8F8C932C2} = {F8B90FFE-BB37-8A69-F901-2B9289615797}
		{4B4F1F8F-FE68-43F7-9A0B-066C13F9589A} = {F8B90FFE-BB37-8A69-F901-2B9289615797}
		{2C1B8EEE-B9A9-AB90-3B55-81ACAE896042} = {827E0CD3-B72D-47B6-A68D-7590B98EB39B}
		{95905C97-BC86-4CA8-A8EF-B9F542F18609} = {2C1B8EEE-B9A9-AB90-3B55-81ACAE896042}
		{E5B86AD4-53D2-4783-9F15-36261BB51B03} = {2C1B8EEE-B9A9-AB90-3B55-81ACAE896042}
		{4581A2B4-76B7-4236-A082-7CF00FD000DF} = {2C1B8EEE-B9A9-AB90-3B55-81ACAE896042}
		{68A217B9-03B8-4BEA-8219-B75F78791691} = {2C1B8EEE-B9A9-AB90-3B55-81ACAE896042}
		{3617447B-49FD-7774-452C-A55AD9DFE5C2} = {827E0CD3-B72D-47B6-A68D-7590B98EB39B}
		{5E0B80CA-46BC-4B06-9FC4-BEB9D0205136} = {3617447B-49FD-7774-452C-A55AD9DFE5C2}
		{2AEC285B-FCF6-4C38-8796-558BA47276DB} = {3617447B-49FD-7774-452C-A55AD9DFE5C2}
		{5CF05F10-ECA6-4F63-AA82-1E8ED19E050C} = {3617447B-49FD-7774-452C-A55AD9DFE5C2}
		{A995DDA5-8CA0-4358-A8DF-88DB194AFC5E} = {3617447B-49FD-7774-452C-A55AD9DFE5C2}
		{D5064FC8-1F49-54B6-E1C8-B23A6140528A} = {827E0CD3-B72D-47B6-A68D-7590B98EB39B}
		{F8CBC8A3-C477-4D46-A644-198550A254ED} = {D5064FC8-1F49-54B6-E1C8-B23A6140528A}
		{BB6B3F95-ABD0-4AFF-8F21-3EE74DFF6E77} = {D5064FC8-1F49-54B6-E1C8-B23A6140528A}
		{19B729AA-4540-4997-B001-26812F93A537} = {D5064FC8-1F49-54B6-E1C8-B23A6140528A}
		{4160E753-1D6D-456D-B3F1-C5AE2F13A085} = {D5064FC8-1F49-54B6-E1C8-B23A6140528A}
		{8D908572-D3F5-48F2-A454-A4A349CC1276} = {F8B90FFE-BB37-8A69-F901-2B9289615797}
		{A0C94347-73E4-1EE9-412B-13A38E3B0A6F} = {827E0CD3-B72D-47B6-A68D-7590B98EB39B}
		{94EBF9B3-2DF2-40F4-9975-2D5A58FF76CD} = {A0C94347-73E4-1EE9-412B-13A38E3B0A6F}
		{A7DDEDE8-FF02-43E8-9511-53A858BA12CA} = {A0C94347-73E4-1EE9-412B-13A38E3B0A6F}
		{53D34B0B-FEFE-40DF-AE3A-CA368B16FEB1} = {A0C94347-73E4-1EE9-412B-13A38E3B0A6F}
		{8EEDD4A5-491E-42EA-9683-ED3A3BE17B4A} = {A0C94347-73E4-1EE9-412B-13A38E3B0A6F}
		{4C169920-6054-46BD-9208-6D719ADA7597} = {A0C94347-73E4-1EE9-412B-13A38E3B0A6F}
		{B1F4FE8C-EC39-4080-82D9-2513EA62882D} = {F8B90FFE-BB37-8A69-F901-2B9289615797}
		{FAD90588-D3E1-42B2-92AC-6C5414277874} = {F8B90FFE-BB37-8A69-F901-2B9289615797}
	EndGlobalSection
	GlobalSection(ExtensibilityGlobals) = postSolution
		SolutionGuid = {B4F82CEA-47AB-4CCF-BCF9-7984A8FC82C2}
	EndGlobalSection
EndGlobal
